// !$*UTF8*$!
{
	archiveVersion = 1;
	classes = {
	};
	objectVersion = 51;
	objects = {

/* Begin PBXBuildFile section */
		1CD4CA9C3065BD49A494C645 /* Pods_Project.framework in Frameworks */ = {isa = PBXBuildFile; fileRef = F6CF346D89774F4736A1D483 /* Pods_Project.framework */; };
		343C4DD32679F5390004812A /* HomeTabBarController.swift in Sources */ = {isa = PBXBuildFile; fileRef = 343C4DD22679F5390004812A /* HomeTabBarController.swift */; };
		343C4DD8267A2B130004812A /* MenuController.swift in Sources */ = {isa = PBXBuildFile; fileRef = 343C4DD7267A2B130004812A /* MenuController.swift */; };
		345D8682267899F80063060E /* GoogleService-Info.plist in Resources */ = {isa = PBXBuildFile; fileRef = 345D8681267899F80063060E /* GoogleService-Info.plist */; };
		349D159D267ADA560078F907 /* ListCartController.swift in Sources */ = {isa = PBXBuildFile; fileRef = 349D159C267ADA560078F907 /* ListCartController.swift */; };
		349D159F267ADACE0078F907 /* WareHouseController.swift in Sources */ = {isa = PBXBuildFile; fileRef = 349D159E267ADACE0078F907 /* WareHouseController.swift */; };
		349D15A1267ADB000078F907 /* InvoicesController.swift in Sources */ = {isa = PBXBuildFile; fileRef = 349D15A0267ADB000078F907 /* InvoicesController.swift */; };
		34F7CE01267A590700AF184B /* MenuTableViewCell.swift in Sources */ = {isa = PBXBuildFile; fileRef = 34F7CE00267A590700AF184B /* MenuTableViewCell.swift */; };
		34F7CE03267A5E2E00AF184B /* SlideInTransition.swift in Sources */ = {isa = PBXBuildFile; fileRef = 34F7CE02267A5E2E00AF184B /* SlideInTransition.swift */; };
		555892FE413FEE4EF6DC4AC0 /* Pods_ProjectTests.framework in Frameworks */ = {isa = PBXBuildFile; fileRef = 459275920415B8264684BE0D /* Pods_ProjectTests.framework */; };
		B439908A266E6FE700D31544 /* Coffee.swift in Sources */ = {isa = PBXBuildFile; fileRef = B4399089266E6FE700D31544 /* Coffee.swift */; };
		B43DFEC5266E671C00155273 /* CoffeeTableViewCell.swift in Sources */ = {isa = PBXBuildFile; fileRef = B43DFEC4266E671C00155273 /* CoffeeTableViewCell.swift */; };
		B4AC70C126628A0600F04EA2 /* AppDelegate.swift in Sources */ = {isa = PBXBuildFile; fileRef = B4AC70C026628A0600F04EA2 /* AppDelegate.swift */; };
		B4AC70C326628A0600F04EA2 /* LoginController.swift in Sources */ = {isa = PBXBuildFile; fileRef = B4AC70C226628A0600F04EA2 /* LoginController.swift */; };
		B4AC70C626628A0600F04EA2 /* Main.storyboard in Resources */ = {isa = PBXBuildFile; fileRef = B4AC70C426628A0600F04EA2 /* Main.storyboard */; };
		B4AC70C926628A0600F04EA2 /* Project.xcdatamodeld in Sources */ = {isa = PBXBuildFile; fileRef = B4AC70C726628A0600F04EA2 /* Project.xcdatamodeld */; };
		B4AC70CB26628A0800F04EA2 /* Assets.xcassets in Resources */ = {isa = PBXBuildFile; fileRef = B4AC70CA26628A0800F04EA2 /* Assets.xcassets */; };
		B4AC70CE26628A0800F04EA2 /* LaunchScreen.storyboard in Resources */ = {isa = PBXBuildFile; fileRef = B4AC70CC26628A0800F04EA2 /* LaunchScreen.storyboard */; };
		B4AC70D926628A0800F04EA2 /* ProjectTests.swift in Sources */ = {isa = PBXBuildFile; fileRef = B4AC70D826628A0800F04EA2 /* ProjectTests.swift */; };
		B4BD712A266D32E2004AEBE3 /* FoodStallsViewController.swift in Sources */ = {isa = PBXBuildFile; fileRef = B4BD7129266D32E2004AEBE3 /* FoodStallsViewController.swift */; };
/* End PBXBuildFile section */

/* Begin PBXContainerItemProxy section */
		B4AC70D526628A0800F04EA2 /* PBXContainerItemProxy */ = {
			isa = PBXContainerItemProxy;
			containerPortal = B4AC70B526628A0600F04EA2 /* Project object */;
			proxyType = 1;
			remoteGlobalIDString = B4AC70BC26628A0600F04EA2;
			remoteInfo = Project;
		};
/* End PBXContainerItemProxy section */

/* Begin PBXFileReference section */
		19D63FFF6DF81EE92AA8CF08 /* Pods-ProjectTests.debug.xcconfig */ = {isa = PBXFileReference; includeInIndex = 1; lastKnownFileType = text.xcconfig; name = "Pods-ProjectTests.debug.xcconfig"; path = "Target Support Files/Pods-ProjectTests/Pods-ProjectTests.debug.xcconfig"; sourceTree = "<group>"; };
		343C4DD22679F5390004812A /* HomeTabBarController.swift */ = {isa = PBXFileReference; lastKnownFileType = sourcecode.swift; path = HomeTabBarController.swift; sourceTree = "<group>"; };
		343C4DD7267A2B130004812A /* MenuController.swift */ = {isa = PBXFileReference; lastKnownFileType = sourcecode.swift; path = MenuController.swift; sourceTree = "<group>"; wrapsLines = 0; };
		345D8681267899F80063060E /* GoogleService-Info.plist */ = {isa = PBXFileReference; fileEncoding = 4; lastKnownFileType = text.plist.xml; name = "GoogleService-Info.plist"; path = "../../../Downloads/GoogleService-Info.plist"; sourceTree = "<group>"; };
		349D159C267ADA560078F907 /* ListCartController.swift */ = {isa = PBXFileReference; lastKnownFileType = sourcecode.swift; path = ListCartController.swift; sourceTree = "<group>"; };
		349D159E267ADACE0078F907 /* WareHouseController.swift */ = {isa = PBXFileReference; lastKnownFileType = sourcecode.swift; path = WareHouseController.swift; sourceTree = "<group>"; };
		349D15A0267ADB000078F907 /* InvoicesController.swift */ = {isa = PBXFileReference; lastKnownFileType = sourcecode.swift; path = InvoicesController.swift; sourceTree = "<group>"; };
		34F7CE00267A590700AF184B /* MenuTableViewCell.swift */ = {isa = PBXFileReference; lastKnownFileType = sourcecode.swift; path = MenuTableViewCell.swift; sourceTree = "<group>"; };
		34F7CE02267A5E2E00AF184B /* SlideInTransition.swift */ = {isa = PBXFileReference; lastKnownFileType = sourcecode.swift; path = SlideInTransition.swift; sourceTree = "<group>"; };
		459275920415B8264684BE0D /* Pods_ProjectTests.framework */ = {isa = PBXFileReference; explicitFileType = wrapper.framework; includeInIndex = 0; path = Pods_ProjectTests.framework; sourceTree = BUILT_PRODUCTS_DIR; };
		86C4B6C6ED123BB1A85E5C86 /* Pods-Project.debug.xcconfig */ = {isa = PBXFileReference; includeInIndex = 1; lastKnownFileType = text.xcconfig; name = "Pods-Project.debug.xcconfig"; path = "Target Support Files/Pods-Project/Pods-Project.debug.xcconfig"; sourceTree = "<group>"; };
		B4399089266E6FE700D31544 /* Coffee.swift */ = {isa = PBXFileReference; lastKnownFileType = sourcecode.swift; path = Coffee.swift; sourceTree = "<group>"; };
		B43DFEC4266E671C00155273 /* CoffeeTableViewCell.swift */ = {isa = PBXFileReference; lastKnownFileType = sourcecode.swift; path = CoffeeTableViewCell.swift; sourceTree = "<group>"; };
		B4AC70BD26628A0600F04EA2 /* Project.app */ = {isa = PBXFileReference; explicitFileType = wrapper.application; includeInIndex = 0; path = Project.app; sourceTree = BUILT_PRODUCTS_DIR; };
		B4AC70C026628A0600F04EA2 /* AppDelegate.swift */ = {isa = PBXFileReference; lastKnownFileType = sourcecode.swift; path = AppDelegate.swift; sourceTree = "<group>"; };
		B4AC70C226628A0600F04EA2 /* LoginController.swift */ = {isa = PBXFileReference; lastKnownFileType = sourcecode.swift; path = LoginController.swift; sourceTree = "<group>"; };
		B4AC70C526628A0600F04EA2 /* Base */ = {isa = PBXFileReference; lastKnownFileType = file.storyboard; name = Base; path = Base.lproj/Main.storyboard; sourceTree = "<group>"; };
		B4AC70C826628A0600F04EA2 /* Project.xcdatamodel */ = {isa = PBXFileReference; lastKnownFileType = wrapper.xcdatamodel; path = Project.xcdatamodel; sourceTree = "<group>"; };
		B4AC70CA26628A0800F04EA2 /* Assets.xcassets */ = {isa = PBXFileReference; lastKnownFileType = folder.assetcatalog; path = Assets.xcassets; sourceTree = "<group>"; };
		B4AC70CD26628A0800F04EA2 /* Base */ = {isa = PBXFileReference; lastKnownFileType = file.storyboard; name = Base; path = Base.lproj/LaunchScreen.storyboard; sourceTree = "<group>"; };
		B4AC70CF26628A0800F04EA2 /* Info.plist */ = {isa = PBXFileReference; lastKnownFileType = text.plist.xml; path = Info.plist; sourceTree = "<group>"; };
		B4AC70D426628A0800F04EA2 /* ProjectTests.xctest */ = {isa = PBXFileReference; explicitFileType = wrapper.cfbundle; includeInIndex = 0; path = ProjectTests.xctest; sourceTree = BUILT_PRODUCTS_DIR; };
		B4AC70D826628A0800F04EA2 /* ProjectTests.swift */ = {isa = PBXFileReference; lastKnownFileType = sourcecode.swift; path = ProjectTests.swift; sourceTree = "<group>"; };
		B4AC70DA26628A0800F04EA2 /* Info.plist */ = {isa = PBXFileReference; lastKnownFileType = text.plist.xml; path = Info.plist; sourceTree = "<group>"; };
		B4BD7129266D32E2004AEBE3 /* FoodStallsViewController.swift */ = {isa = PBXFileReference; lastKnownFileType = sourcecode.swift; path = FoodStallsViewController.swift; sourceTree = "<group>"; };
		D049ACC5B54E73AF6F01A161 /* Pods-Project.release.xcconfig */ = {isa = PBXFileReference; includeInIndex = 1; lastKnownFileType = text.xcconfig; name = "Pods-Project.release.xcconfig"; path = "Target Support Files/Pods-Project/Pods-Project.release.xcconfig"; sourceTree = "<group>"; };
		F14EF2B00DC90418CC28E241 /* Pods-ProjectTests.release.xcconfig */ = {isa = PBXFileReference; includeInIndex = 1; lastKnownFileType = text.xcconfig; name = "Pods-ProjectTests.release.xcconfig"; path = "Target Support Files/Pods-ProjectTests/Pods-ProjectTests.release.xcconfig"; sourceTree = "<group>"; };
		F6CF346D89774F4736A1D483 /* Pods_Project.framework */ = {isa = PBXFileReference; explicitFileType = wrapper.framework; includeInIndex = 0; path = Pods_Project.framework; sourceTree = BUILT_PRODUCTS_DIR; };
/* End PBXFileReference section */

/* Begin PBXFrameworksBuildPhase section */
		B4AC70BA26628A0600F04EA2 /* Frameworks */ = {
			isa = PBXFrameworksBuildPhase;
			buildActionMask = 2147483647;
			files = (
				1CD4CA9C3065BD49A494C645 /* Pods_Project.framework in Frameworks */,
			);
			runOnlyForDeploymentPostprocessing = 0;
		};
		B4AC70D126628A0800F04EA2 /* Frameworks */ = {
			isa = PBXFrameworksBuildPhase;
			buildActionMask = 2147483647;
			files = (
				555892FE413FEE4EF6DC4AC0 /* Pods_ProjectTests.framework in Frameworks */,
			);
			runOnlyForDeploymentPostprocessing = 0;
		};
/* End PBXFrameworksBuildPhase section */

/* Begin PBXGroup section */
		0777666D325860C0E0E3D02E /* Pods */ = {
			isa = PBXGroup;
			children = (
				86C4B6C6ED123BB1A85E5C86 /* Pods-Project.debug.xcconfig */,
				D049ACC5B54E73AF6F01A161 /* Pods-Project.release.xcconfig */,
				19D63FFF6DF81EE92AA8CF08 /* Pods-ProjectTests.debug.xcconfig */,
				F14EF2B00DC90418CC28E241 /* Pods-ProjectTests.release.xcconfig */,
			);
			path = Pods;
			sourceTree = "<group>";
		};
		343C4DD4267A1B910004812A /* Controller */ = {
			isa = PBXGroup;
			children = (
				343C4DD22679F5390004812A /* HomeTabBarController.swift */,
				B4BD7129266D32E2004AEBE3 /* FoodStallsViewController.swift */,
				B4AC70C226628A0600F04EA2 /* LoginController.swift */,
				343C4DD7267A2B130004812A /* MenuController.swift */,
				349D159C267ADA560078F907 /* ListCartController.swift */,
				349D159E267ADACE0078F907 /* WareHouseController.swift */,
				349D15A0267ADB000078F907 /* InvoicesController.swift */,
			);
			path = Controller;
			sourceTree = "<group>";
		};
		9623CBCBC69B5B6CEF0053CE /* Frameworks */ = {
			isa = PBXGroup;
			children = (
				F6CF346D89774F4736A1D483 /* Pods_Project.framework */,
				459275920415B8264684BE0D /* Pods_ProjectTests.framework */,
			);
			name = Frameworks;
			sourceTree = "<group>";
		};
		B4399088266E6FCA00D31544 /* Data_Model */ = {
			isa = PBXGroup;
			children = (
				B4399089266E6FE700D31544 /* Coffee.swift */,
			);
			path = Data_Model;
			sourceTree = "<group>";
		};
		B4AC70B426628A0600F04EA2 = {
			isa = PBXGroup;
			children = (
				B4AC70BF26628A0600F04EA2 /* Project */,
				B4AC70D726628A0800F04EA2 /* ProjectTests */,
				B4AC70BE26628A0600F04EA2 /* Products */,
				0777666D325860C0E0E3D02E /* Pods */,
				9623CBCBC69B5B6CEF0053CE /* Frameworks */,
			);
			sourceTree = "<group>";
		};
		B4AC70BE26628A0600F04EA2 /* Products */ = {
			isa = PBXGroup;
			children = (
				B4AC70BD26628A0600F04EA2 /* Project.app */,
				B4AC70D426628A0800F04EA2 /* ProjectTests.xctest */,
			);
			name = Products;
			sourceTree = "<group>";
		};
		B4AC70BF26628A0600F04EA2 /* Project */ = {
			isa = PBXGroup;
			children = (
				343C4DD4267A1B910004812A /* Controller */,
				B4399088266E6FCA00D31544 /* Data_Model */,
				B4AC70C026628A0600F04EA2 /* AppDelegate.swift */,
				34F7CE02267A5E2E00AF184B /* SlideInTransition.swift */,
				B43DFEC4266E671C00155273 /* CoffeeTableViewCell.swift */,
				B4AC70C426628A0600F04EA2 /* Main.storyboard */,
				B4AC70CA26628A0800F04EA2 /* Assets.xcassets */,
				B4AC70CC26628A0800F04EA2 /* LaunchScreen.storyboard */,
				B4AC70CF26628A0800F04EA2 /* Info.plist */,
				345D8681267899F80063060E /* GoogleService-Info.plist */,
				B4AC70C726628A0600F04EA2 /* Project.xcdatamodeld */,
				34F7CE00267A590700AF184B /* MenuTableViewCell.swift */,
			);
			path = Project;
			sourceTree = "<group>";
		};
		B4AC70D726628A0800F04EA2 /* ProjectTests */ = {
			isa = PBXGroup;
			children = (
				B4AC70D826628A0800F04EA2 /* ProjectTests.swift */,
				B4AC70DA26628A0800F04EA2 /* Info.plist */,
			);
			path = ProjectTests;
			sourceTree = "<group>";
		};
/* End PBXGroup section */

/* Begin PBXNativeTarget section */
		B4AC70BC26628A0600F04EA2 /* Project */ = {
			isa = PBXNativeTarget;
			buildConfigurationList = B4AC70DD26628A0800F04EA2 /* Build configuration list for PBXNativeTarget "Project" */;
			buildPhases = (
				FDFC5F98A1B789BA6AD6FD65 /* [CP] Check Pods Manifest.lock */,
				B4AC70B926628A0600F04EA2 /* Sources */,
				B4AC70BA26628A0600F04EA2 /* Frameworks */,
				B4AC70BB26628A0600F04EA2 /* Resources */,
				329523CFAFE76172CFDE3E87 /* [CP] Embed Pods Frameworks */,
			);
			buildRules = (
			);
			dependencies = (
			);
			name = Project;
			productName = Project;
			productReference = B4AC70BD26628A0600F04EA2 /* Project.app */;
			productType = "com.apple.product-type.application";
		};
		B4AC70D326628A0800F04EA2 /* ProjectTests */ = {
			isa = PBXNativeTarget;
			buildConfigurationList = B4AC70E026628A0800F04EA2 /* Build configuration list for PBXNativeTarget "ProjectTests" */;
			buildPhases = (
				0842153DAFD7375B3C433B95 /* [CP] Check Pods Manifest.lock */,
				B4AC70D026628A0800F04EA2 /* Sources */,
				B4AC70D126628A0800F04EA2 /* Frameworks */,
				B4AC70D226628A0800F04EA2 /* Resources */,
			);
			buildRules = (
			);
			dependencies = (
				B4AC70D626628A0800F04EA2 /* PBXTargetDependency */,
			);
			name = ProjectTests;
			productName = ProjectTests;
			productReference = B4AC70D426628A0800F04EA2 /* ProjectTests.xctest */;
			productType = "com.apple.product-type.bundle.unit-test";
		};
/* End PBXNativeTarget section */

/* Begin PBXProject section */
		B4AC70B526628A0600F04EA2 /* Project object */ = {
			isa = PBXProject;
			attributes = {
				LastSwiftUpdateCheck = 1000;
				LastUpgradeCheck = 1000;
				ORGANIZATIONNAME = nhom4;
				TargetAttributes = {
					B4AC70BC26628A0600F04EA2 = {
						CreatedOnToolsVersion = 10.0;
						LastSwiftMigration = 1000;
					};
					B4AC70D326628A0800F04EA2 = {
						CreatedOnToolsVersion = 10.0;
						TestTargetID = B4AC70BC26628A0600F04EA2;
					};
				};
			};
			buildConfigurationList = B4AC70B826628A0600F04EA2 /* Build configuration list for PBXProject "Project" */;
			compatibilityVersion = "Xcode 9.3";
			developmentRegion = en;
			hasScannedForEncodings = 0;
			knownRegions = (
				en,
				Base,
			);
			mainGroup = B4AC70B426628A0600F04EA2;
			productRefGroup = B4AC70BE26628A0600F04EA2 /* Products */;
			projectDirPath = "";
			projectRoot = "";
			targets = (
				B4AC70BC26628A0600F04EA2 /* Project */,
				B4AC70D326628A0800F04EA2 /* ProjectTests */,
			);
		};
/* End PBXProject section */

/* Begin PBXResourcesBuildPhase section */
		B4AC70BB26628A0600F04EA2 /* Resources */ = {
			isa = PBXResourcesBuildPhase;
			buildActionMask = 2147483647;
			files = (
				B4AC70CE26628A0800F04EA2 /* LaunchScreen.storyboard in Resources */,
				345D8682267899F80063060E /* GoogleService-Info.plist in Resources */,
				B4AC70CB26628A0800F04EA2 /* Assets.xcassets in Resources */,
				B4AC70C626628A0600F04EA2 /* Main.storyboard in Resources */,
			);
			runOnlyForDeploymentPostprocessing = 0;
		};
		B4AC70D226628A0800F04EA2 /* Resources */ = {
			isa = PBXResourcesBuildPhase;
			buildActionMask = 2147483647;
			files = (
			);
			runOnlyForDeploymentPostprocessing = 0;
		};
/* End PBXResourcesBuildPhase section */

/* Begin PBXShellScriptBuildPhase section */
		0842153DAFD7375B3C433B95 /* [CP] Check Pods Manifest.lock */ = {
			isa = PBXShellScriptBuildPhase;
			buildActionMask = 2147483647;
			files = (
			);
			inputFileListPaths = (
			);
			inputPaths = (
				"${PODS_PODFILE_DIR_PATH}/Podfile.lock",
				"${PODS_ROOT}/Manifest.lock",
			);
			name = "[CP] Check Pods Manifest.lock";
			outputFileListPaths = (
			);
			outputPaths = (
				"$(DERIVED_FILE_DIR)/Pods-ProjectTests-checkManifestLockResult.txt",
			);
			runOnlyForDeploymentPostprocessing = 0;
			shellPath = /bin/sh;
			shellScript = "diff \"${PODS_PODFILE_DIR_PATH}/Podfile.lock\" \"${PODS_ROOT}/Manifest.lock\" > /dev/null\nif [ $? != 0 ] ; then\n    # print error to STDERR\n    echo \"error: The sandbox is not in sync with the Podfile.lock. Run 'pod install' or update your CocoaPods installation.\" >&2\n    exit 1\nfi\n# This output is used by Xcode 'outputs' to avoid re-running this script phase.\necho \"SUCCESS\" > \"${SCRIPT_OUTPUT_FILE_0}\"\n";
			showEnvVarsInLog = 0;
		};
		329523CFAFE76172CFDE3E87 /* [CP] Embed Pods Frameworks */ = {
			isa = PBXShellScriptBuildPhase;
			buildActionMask = 2147483647;
			files = (
			);
			inputFileListPaths = (
				"${PODS_ROOT}/Target Support Files/Pods-Project/Pods-Project-frameworks-${CONFIGURATION}-input-files.xcfilelist",
			);
			name = "[CP] Embed Pods Frameworks";
			outputFileListPaths = (
				"${PODS_ROOT}/Target Support Files/Pods-Project/Pods-Project-frameworks-${CONFIGURATION}-output-files.xcfilelist",
			);
			runOnlyForDeploymentPostprocessing = 0;
			shellPath = /bin/sh;
			shellScript = "\"${PODS_ROOT}/Target Support Files/Pods-Project/Pods-Project-frameworks.sh\"\n";
			showEnvVarsInLog = 0;
		};
		FDFC5F98A1B789BA6AD6FD65 /* [CP] Check Pods Manifest.lock */ = {
			isa = PBXShellScriptBuildPhase;
			buildActionMask = 2147483647;
			files = (
			);
			inputFileListPaths = (
			);
			inputPaths = (
				"${PODS_PODFILE_DIR_PATH}/Podfile.lock",
				"${PODS_ROOT}/Manifest.lock",
			);
			name = "[CP] Check Pods Manifest.lock";
			outputFileListPaths = (
			);
			outputPaths = (
				"$(DERIVED_FILE_DIR)/Pods-Project-checkManifestLockResult.txt",
			);
			runOnlyForDeploymentPostprocessing = 0;
			shellPath = /bin/sh;
			shellScript = "diff \"${PODS_PODFILE_DIR_PATH}/Podfile.lock\" \"${PODS_ROOT}/Manifest.lock\" > /dev/null\nif [ $? != 0 ] ; then\n    # print error to STDERR\n    echo \"error: The sandbox is not in sync with the Podfile.lock. Run 'pod install' or update your CocoaPods installation.\" >&2\n    exit 1\nfi\n# This output is used by Xcode 'outputs' to avoid re-running this script phase.\necho \"SUCCESS\" > \"${SCRIPT_OUTPUT_FILE_0}\"\n";
			showEnvVarsInLog = 0;
		};
/* End PBXShellScriptBuildPhase section */

/* Begin PBXSourcesBuildPhase section */
		B4AC70B926628A0600F04EA2 /* Sources */ = {
			isa = PBXSourcesBuildPhase;
			buildActionMask = 2147483647;
			files = (
				B4AC70C326628A0600F04EA2 /* LoginController.swift in Sources */,
				B4AC70C926628A0600F04EA2 /* Project.xcdatamodeld in Sources */,
				B4BD712A266D32E2004AEBE3 /* FoodStallsViewController.swift in Sources */,
				34F7CE01267A590700AF184B /* MenuTableViewCell.swift in Sources */,
				349D15A1267ADB000078F907 /* InvoicesController.swift in Sources */,
				343C4DD32679F5390004812A /* HomeTabBarController.swift in Sources */,
				349D159F267ADACE0078F907 /* WareHouseController.swift in Sources */,
				34F7CE03267A5E2E00AF184B /* SlideInTransition.swift in Sources */,
				B43DFEC5266E671C00155273 /* CoffeeTableViewCell.swift in Sources */,
				B4AC70C126628A0600F04EA2 /* AppDelegate.swift in Sources */,
				349D159D267ADA560078F907 /* ListCartController.swift in Sources */,
				343C4DD8267A2B130004812A /* MenuController.swift in Sources */,
				B439908A266E6FE700D31544 /* Coffee.swift in Sources */,
			);
			runOnlyForDeploymentPostprocessing = 0;
		};
		B4AC70D026628A0800F04EA2 /* Sources */ = {
			isa = PBXSourcesBuildPhase;
			buildActionMask = 2147483647;
			files = (
				B4AC70D926628A0800F04EA2 /* ProjectTests.swift in Sources */,
			);
			runOnlyForDeploymentPostprocessing = 0;
		};
/* End PBXSourcesBuildPhase section */

/* Begin PBXTargetDependency section */
		B4AC70D626628A0800F04EA2 /* PBXTargetDependency */ = {
			isa = PBXTargetDependency;
			target = B4AC70BC26628A0600F04EA2 /* Project */;
			targetProxy = B4AC70D526628A0800F04EA2 /* PBXContainerItemProxy */;
		};
/* End PBXTargetDependency section */

/* Begin PBXVariantGroup section */
		B4AC70C426628A0600F04EA2 /* Main.storyboard */ = {
			isa = PBXVariantGroup;
			children = (
				B4AC70C526628A0600F04EA2 /* Base */,
			);
			name = Main.storyboard;
			sourceTree = "<group>";
		};
		B4AC70CC26628A0800F04EA2 /* LaunchScreen.storyboard */ = {
			isa = PBXVariantGroup;
			children = (
				B4AC70CD26628A0800F04EA2 /* Base */,
			);
			name = LaunchScreen.storyboard;
			sourceTree = "<group>";
		};
/* End PBXVariantGroup section */

/* Begin XCBuildConfiguration section */
		B4AC70DB26628A0800F04EA2 /* Debug */ = {
			isa = XCBuildConfiguration;
			buildSettings = {
				ALWAYS_SEARCH_USER_PATHS = NO;
				CLANG_ANALYZER_NONNULL = YES;
				CLANG_ANALYZER_NUMBER_OBJECT_CONVERSION = YES_AGGRESSIVE;
				CLANG_CXX_LANGUAGE_STANDARD = "gnu++14";
				CLANG_CXX_LIBRARY = "libc++";
				CLANG_ENABLE_MODULES = YES;
				CLANG_ENABLE_OBJC_ARC = YES;
				CLANG_ENABLE_OBJC_WEAK = YES;
				CLANG_WARN_BLOCK_CAPTURE_AUTORELEASING = YES;
				CLANG_WARN_BOOL_CONVERSION = YES;
				CLANG_WARN_COMMA = YES;
				CLANG_WARN_CONSTANT_CONVERSION = YES;
				CLANG_WARN_DEPRECATED_OBJC_IMPLEMENTATIONS = YES;
				CLANG_WARN_DIRECT_OBJC_ISA_USAGE = YES_ERROR;
				CLANG_WARN_DOCUMENTATION_COMMENTS = YES;
				CLANG_WARN_EMPTY_BODY = YES;
				CLANG_WARN_ENUM_CONVERSION = YES;
				CLANG_WARN_INFINITE_RECURSION = YES;
				CLANG_WARN_INT_CONVERSION = YES;
				CLANG_WARN_NON_LITERAL_NULL_CONVERSION = YES;
				CLANG_WARN_OBJC_IMPLICIT_RETAIN_SELF = YES;
				CLANG_WARN_OBJC_LITERAL_CONVERSION = YES;
				CLANG_WARN_OBJC_ROOT_CLASS = YES_ERROR;
				CLANG_WARN_RANGE_LOOP_ANALYSIS = YES;
				CLANG_WARN_STRICT_PROTOTYPES = YES;
				CLANG_WARN_SUSPICIOUS_MOVE = YES;
				CLANG_WARN_UNGUARDED_AVAILABILITY = YES_AGGRESSIVE;
				CLANG_WARN_UNREACHABLE_CODE = YES;
				CLANG_WARN__DUPLICATE_METHOD_MATCH = YES;
				CODE_SIGN_IDENTITY = "iPhone Developer";
				COPY_PHASE_STRIP = NO;
				DEBUG_INFORMATION_FORMAT = dwarf;
				ENABLE_STRICT_OBJC_MSGSEND = YES;
				ENABLE_TESTABILITY = YES;
				GCC_C_LANGUAGE_STANDARD = gnu11;
				GCC_DYNAMIC_NO_PIC = NO;
				GCC_NO_COMMON_BLOCKS = YES;
				GCC_OPTIMIZATION_LEVEL = 0;
				GCC_PREPROCESSOR_DEFINITIONS = (
					"DEBUG=1",
					"$(inherited)",
				);
				GCC_WARN_64_TO_32_BIT_CONVERSION = YES;
				GCC_WARN_ABOUT_RETURN_TYPE = YES_ERROR;
				GCC_WARN_UNDECLARED_SELECTOR = YES;
				GCC_WARN_UNINITIALIZED_AUTOS = YES_AGGRESSIVE;
				GCC_WARN_UNUSED_FUNCTION = YES;
				GCC_WARN_UNUSED_VARIABLE = YES;
				IPHONEOS_DEPLOYMENT_TARGET = 12.0;
				MTL_ENABLE_DEBUG_INFO = INCLUDE_SOURCE;
				MTL_FAST_MATH = YES;
				ONLY_ACTIVE_ARCH = YES;
				SDKROOT = iphoneos;
				SWIFT_ACTIVE_COMPILATION_CONDITIONS = DEBUG;
				SWIFT_OPTIMIZATION_LEVEL = "-Onone";
			};
			name = Debug;
		};
		B4AC70DC26628A0800F04EA2 /* Release */ = {
			isa = XCBuildConfiguration;
			buildSettings = {
				ALWAYS_SEARCH_USER_PATHS = NO;
				CLANG_ANALYZER_NONNULL = YES;
				CLANG_ANALYZER_NUMBER_OBJECT_CONVERSION = YES_AGGRESSIVE;
				CLANG_CXX_LANGUAGE_STANDARD = "gnu++14";
				CLANG_CXX_LIBRARY = "libc++";
				CLANG_ENABLE_MODULES = YES;
				CLANG_ENABLE_OBJC_ARC = YES;
				CLANG_ENABLE_OBJC_WEAK = YES;
				CLANG_WARN_BLOCK_CAPTURE_AUTORELEASING = YES;
				CLANG_WARN_BOOL_CONVERSION = YES;
				CLANG_WARN_COMMA = YES;
				CLANG_WARN_CONSTANT_CONVERSION = YES;
				CLANG_WARN_DEPRECATED_OBJC_IMPLEMENTATIONS = YES;
				CLANG_WARN_DIRECT_OBJC_ISA_USAGE = YES_ERROR;
				CLANG_WARN_DOCUMENTATION_COMMENTS = YES;
				CLANG_WARN_EMPTY_BODY = YES;
				CLANG_WARN_ENUM_CONVERSION = YES;
				CLANG_WARN_INFINITE_RECURSION = YES;
				CLANG_WARN_INT_CONVERSION = YES;
				CLANG_WARN_NON_LITERAL_NULL_CONVERSION = YES;
				CLANG_WARN_OBJC_IMPLICIT_RETAIN_SELF = YES;
				CLANG_WARN_OBJC_LITERAL_CONVERSION = YES;
				CLANG_WARN_OBJC_ROOT_CLASS = YES_ERROR;
				CLANG_WARN_RANGE_LOOP_ANALYSIS = YES;
				CLANG_WARN_STRICT_PROTOTYPES = YES;
				CLANG_WARN_SUSPICIOUS_MOVE = YES;
				CLANG_WARN_UNGUARDED_AVAILABILITY = YES_AGGRESSIVE;
				CLANG_WARN_UNREACHABLE_CODE = YES;
				CLANG_WARN__DUPLICATE_METHOD_MATCH = YES;
				CODE_SIGN_IDENTITY = "iPhone Developer";
				COPY_PHASE_STRIP = NO;
				DEBUG_INFORMATION_FORMAT = "dwarf-with-dsym";
				ENABLE_NS_ASSERTIONS = NO;
				ENABLE_STRICT_OBJC_MSGSEND = YES;
				GCC_C_LANGUAGE_STANDARD = gnu11;
				GCC_NO_COMMON_BLOCKS = YES;
				GCC_WARN_64_TO_32_BIT_CONVERSION = YES;
				GCC_WARN_ABOUT_RETURN_TYPE = YES_ERROR;
				GCC_WARN_UNDECLARED_SELECTOR = YES;
				GCC_WARN_UNINITIALIZED_AUTOS = YES_AGGRESSIVE;
				GCC_WARN_UNUSED_FUNCTION = YES;
				GCC_WARN_UNUSED_VARIABLE = YES;
				IPHONEOS_DEPLOYMENT_TARGET = 12.0;
				MTL_ENABLE_DEBUG_INFO = NO;
				MTL_FAST_MATH = YES;
				SDKROOT = iphoneos;
				SWIFT_COMPILATION_MODE = wholemodule;
				SWIFT_OPTIMIZATION_LEVEL = "-O";
				VALIDATE_PRODUCT = YES;
			};
			name = Release;
		};
		B4AC70DE26628A0800F04EA2 /* Debug */ = {
			isa = XCBuildConfiguration;
			baseConfigurationReference = 86C4B6C6ED123BB1A85E5C86 /* Pods-Project.debug.xcconfig */;
			buildSettings = {
				ASSETCATALOG_COMPILER_APPICON_NAME = AppIcon;
				CLANG_ENABLE_MODULES = YES;
				CODE_SIGN_STYLE = Automatic;
				INFOPLIST_FILE = Project/Info.plist;
				LD_RUNPATH_SEARCH_PATHS = (
					"$(inherited)",
					"@executable_path/Frameworks",
				);
				PRODUCT_BUNDLE_IDENTIFIER = vn.edu.tdc.Project;
				PRODUCT_NAME = "$(TARGET_NAME)";
				SWIFT_OBJC_BRIDGING_HEADER = "Project/Project-Bridging-Header.h";
				SWIFT_OPTIMIZATION_LEVEL = "-Onone";
				SWIFT_VERSION = 4.2;
				TARGETED_DEVICE_FAMILY = "1,2";
			};
			name = Debug;
		};
		B4AC70DF26628A0800F04EA2 /* Release */ = {
			isa = XCBuildConfiguration;
			baseConfigurationReference = D049ACC5B54E73AF6F01A161 /* Pods-Project.release.xcconfig */;
			buildSettings = {
				ASSETCATALOG_COMPILER_APPICON_NAME = AppIcon;
				CLANG_ENABLE_MODULES = YES;
				CODE_SIGN_STYLE = Automatic;
				INFOPLIST_FILE = Project/Info.plist;
				LD_RUNPATH_SEARCH_PATHS = (
					"$(inherited)",
					"@executable_path/Frameworks",
				);
				PRODUCT_BUNDLE_IDENTIFIER = vn.edu.tdc.Project;
				PRODUCT_NAME = "$(TARGET_NAME)";
				SWIFT_OBJC_BRIDGING_HEADER = "Project/Project-Bridging-Header.h";
				SWIFT_VERSION = 4.2;
				TARGETED_DEVICE_FAMILY = "1,2";
			};
			name = Release;
		};
		B4AC70E126628A0800F04EA2 /* Debug */ = {
			isa = XCBuildConfiguration;
			baseConfigurationReference = 19D63FFF6DF81EE92AA8CF08 /* Pods-ProjectTests.debug.xcconfig */;
			buildSettings = {
				ALWAYS_EMBED_SWIFT_STANDARD_LIBRARIES = YES;
				BUNDLE_LOADER = "$(TEST_HOST)";
				CODE_SIGN_STYLE = Automatic;
				INFOPLIST_FILE = ProjectTests/Info.plist;
				LD_RUNPATH_SEARCH_PATHS = (
					"$(inherited)",
					"@executable_path/Frameworks",
					"@loader_path/Frameworks",
				);
				PRODUCT_BUNDLE_IDENTIFIER = vn.edu.tdc.ProjectTests;
				PRODUCT_NAME = "$(TARGET_NAME)";
				SWIFT_VERSION = 4.2;
				TARGETED_DEVICE_FAMILY = "1,2";
				TEST_HOST = "$(BUILT_PRODUCTS_DIR)/Project.app/Project";
			};
			name = Debug;
		};
		B4AC70E226628A0800F04EA2 /* Release */ = {
			isa = XCBuildConfiguration;
			baseConfigurationReference = F14EF2B00DC90418CC28E241 /* Pods-ProjectTests.release.xcconfig */;
			buildSettings = {
				ALWAYS_EMBED_SWIFT_STANDARD_LIBRARIES = YES;
				BUNDLE_LOADER = "$(TEST_HOST)";
				CODE_SIGN_STYLE = Automatic;
				INFOPLIST_FILE = ProjectTests/Info.plist;
				LD_RUNPATH_SEARCH_PATHS = (
					"$(inherited)",
					"@executable_path/Frameworks",
					"@loader_path/Frameworks",
				);
				PRODUCT_BUNDLE_IDENTIFIER = vn.edu.tdc.ProjectTests;
				PRODUCT_NAME = "$(TARGET_NAME)";
				SWIFT_VERSION = 4.2;
				TARGETED_DEVICE_FAMILY = "1,2";
				TEST_HOST = "$(BUILT_PRODUCTS_DIR)/Project.app/Project";
			};
			name = Release;
		};
/* End XCBuildConfiguration section */

/* Begin XCConfigurationList section */
		B4AC70B826628A0600F04EA2 /* Build configuration list for PBXProject "Project" */ = {
			isa = XCConfigurationList;
			buildConfigurations = (
				B4AC70DB26628A0800F04EA2 /* Debug */,
				B4AC70DC26628A0800F04EA2 /* Release */,
			);
			defaultConfigurationIsVisible = 0;
			defaultConfigurationName = Release;
		};
		B4AC70DD26628A0800F04EA2 /* Build configuration list for PBXNativeTarget "Project" */ = {
			isa = XCConfigurationList;
			buildConfigurations = (
				B4AC70DE26628A0800F04EA2 /* Debug */,
				B4AC70DF26628A0800F04EA2 /* Release */,
			);
			defaultConfigurationIsVisible = 0;
			defaultConfigurationName = Release;
		};
		B4AC70E026628A0800F04EA2 /* Build configuration list for PBXNativeTarget "ProjectTests" */ = {
			isa = XCConfigurationList;
			buildConfigurations = (
				B4AC70E126628A0800F04EA2 /* Debug */,
				B4AC70E226628A0800F04EA2 /* Release */,
			);
			defaultConfigurationIsVisible = 0;
			defaultConfigurationName = Release;
		};
/* End XCConfigurationList section */

/* Begin XCVersionGroup section */
		B4AC70C726628A0600F04EA2 /* Project.xcdatamodeld */ = {
			isa = XCVersionGroup;
			children = (
				B4AC70C826628A0600F04EA2 /* Project.xcdatamodel */,
			);
			currentVersion = B4AC70C826628A0600F04EA2 /* Project.xcdatamodel */;
			path = Project.xcdatamodeld;
			sourceTree = "<group>";
			versionGroupType = wrapper.xcdatamodel;
		};
/* End XCVersionGroup section */
	};
	rootObject = B4AC70B526628A0600F04EA2 /* Project object */;
}
